
Microsoft Visual Studio Solution File, Format Version 12.00
# Visual Studio Version 17
VisualStudioVersion = 17.8.34330.188
MinimumVisualStudioVersion = 10.0.40219.1
Project("{F184B08F-C81C-45F6-A57F-5ABD9991F28F}") = "TugasVisualBasic", "TugasVisualBasic\TugasVisualBasic.vbproj", "{37BA79EC-FBC0-41BE-9236-8FB1FD8BBD5D}"
EndProject
Global
	GlobalSection(SolutionConfigurationPlatforms) = preSolution
		Debug|Any CPU = Debug|Any CPU
		Release|Any CPU = Release|Any CPU
	EndGlobalSection
	GlobalSection(ProjectConfigurationPlatforms) = postSolution
		{37BA79EC-FBC0-41BE-9236-8FB1FD8BBD5D}.Debug|Any CPU.ActiveCfg = Debug|Any CPU
		{37BA79EC-FBC0-41BE-9236-8FB1FD8BBD5D}.Debug|Any CPU.Build.0 = Debug|Any CPU
		{37BA79EC-FBC0-41BE-9236-8FB1FD8BBD5D}.Release|Any CPU.ActiveCfg = Release|Any CPU
		{37BA79EC-FBC0-41BE-9236-8FB1FD8BBD5D}.Release|Any CPU.Build.0 = Release|Any CPU
	EndGlobalSection
	GlobalSection(SolutionProperties) = preSolution
		HideSolutionNode = FALSE
	EndGlobalSection
	GlobalSection(ExtensibilityGlobals) = postSolution
		SolutionGuid = {0B1F9A6C-4145-4C00-A60C-2B02EE508BD1}
	EndGlobalSection
EndGlobal
